
Microsoft Visual Studio Solution File, Format Version 12.00
# Visual Studio Version 16
VisualStudioVersion = 16.0.30717.126
MinimumVisualStudioVersion = 10.0.40219.1
Project("{FAE04EC0-301F-11D3-BF4B-00C04F79EFBC}") = "WebCrawler", "WebCrawler\WebCrawler.csproj", "{955CF412-EEA6-4B7F-AA0C-7AAB3D5EFC57}"
EndProject
Global
	GlobalSection(SolutionConfigurationPlatforms) = preSolution
		Debug|Any CPU = Debug|Any CPU
		Release|Any CPU = Release|Any CPU
	EndGlobalSection
	GlobalSection(ProjectConfigurationPlatforms) = postSolution
		{955CF412-EEA6-4B7F-AA0C-7AAB3D5EFC57}.Debug|Any CPU.ActiveCfg = Debug|Any CPU
		{955CF412-EEA6-4B7F-AA0C-7AAB3D5EFC57}.Debug|Any CPU.Build.0 = Debug|Any CPU
		{955CF412-EEA6-4B7F-AA0C-7AAB3D5EFC57}.Release|Any CPU.ActiveCfg = Release|Any CPU
		{955CF412-EEA6-4B7F-AA0C-7AAB3D5EFC57}.Release|Any CPU.Build.0 = Release|Any CPU
	EndGlobalSection
	GlobalSection(SolutionProperties) = preSolution
		HideSolutionNode = FALSE
	EndGlobalSection
	GlobalSection(ExtensibilityGlobals) = postSolution
		SolutionGuid = {FAAEA9F8-0E47-4008-9A43-AE04CA209F94}
	EndGlobalSection
EndGlobal
